
Microsoft Visual Studio Solution File, Format Version 12.00
# Visual Studio Version 17
VisualStudioVersion = 17.14.36301.6 d17.14
MinimumVisualStudioVersion = 10.0.40219.1
Project("{FAE04EC0-301F-11D3-BF4B-00C04F79EFBC}") = "AIDefCom.API", "AIDefCom.API\AIDefCom.API.csproj", "{B71E684F-DF0F-49DC-9974-408806F796B2}"
EndProject
Project("{FAE04EC0-301F-11D3-BF4B-00C04F79EFBC}") = "AIDefCom.Service", "AIDefCom.Service\AIDefCom.Service.csproj", "{0EFCE378-CEB6-4755-8E5F-FD7CB80D505C}"
EndProject
Project("{FAE04EC0-301F-11D3-BF4B-00C04F79EFBC}") = "AIDefCom.Repository", "AIDefCom.Repository\AIDefCom.Repository.csproj", "{798DB495-6385-4F49-9B33-D0AEFD57C8D3}"
EndProject
Global
	GlobalSection(SolutionConfigurationPlatforms) = preSolution
		Debug|Any CPU = Debug|Any CPU
		Release|Any CPU = Release|Any CPU
	EndGlobalSection
	GlobalSection(ProjectConfigurationPlatforms) = postSolution
		{B71E684F-DF0F-49DC-9974-408806F796B2}.Debug|Any CPU.ActiveCfg = Debug|Any CPU
		{B71E684F-DF0F-49DC-9974-408806F796B2}.Debug|Any CPU.Build.0 = Debug|Any CPU
		{B71E684F-DF0F-49DC-9974-408806F796B2}.Release|Any CPU.ActiveCfg = Release|Any CPU
		{B71E684F-DF0F-49DC-9974-408806F796B2}.Release|Any CPU.Build.0 = Release|Any CPU
		{0EFCE378-CEB6-4755-8E5F-FD7CB80D505C}.Debug|Any CPU.ActiveCfg = Debug|Any CPU
		{0EFCE378-CEB6-4755-8E5F-FD7CB80D505C}.Debug|Any CPU.Build.0 = Debug|Any CPU
		{0EFCE378-CEB6-4755-8E5F-FD7CB80D505C}.Release|Any CPU.ActiveCfg = Release|Any CPU
		{0EFCE378-CEB6-4755-8E5F-FD7CB80D505C}.Release|Any CPU.Build.0 = Release|Any CPU
		{798DB495-6385-4F49-9B33-D0AEFD57C8D3}.Debug|Any CPU.ActiveCfg = Debug|Any CPU
		{798DB495-6385-4F49-9B33-D0AEFD57C8D3}.Debug|Any CPU.Build.0 = Debug|Any CPU
		{798DB495-6385-4F49-9B33-D0AEFD57C8D3}.Release|Any CPU.ActiveCfg = Release|Any CPU
		{798DB495-6385-4F49-9B33-D0AEFD57C8D3}.Release|Any CPU.Build.0 = Release|Any CPU
	EndGlobalSection
	GlobalSection(SolutionProperties) = preSolution
		HideSolutionNode = FALSE
	EndGlobalSection
	GlobalSection(ExtensibilityGlobals) = postSolution
		SolutionGuid = {74F4D2C3-5428-4DFB-9C8F-558C4EFC3C3D}
	EndGlobalSection
EndGlobal
